
Microsoft Visual Studio Solution File, Format Version 12.00
# Visual Studio 15
Project("{FAE04EC0-301F-11D3-BF4B-00C04F79EFBC}") = "Assembly-CSharp", "Assembly-CSharp.csproj", "{781C619D-C512-7136-5F7A-779DADCB5634}"
EndProject
Project("{FAE04EC0-301F-11D3-BF4B-00C04F79EFBC}") = "Assembly-CSharp-Editor-firstpass", "Assembly-CSharp-Editor-firstpass.csproj", "{FFBCC835-2E01-0288-F006-127E1C60364B}"
EndProject
Global
	GlobalSection(SolutionConfigurationPlatforms) = preSolution
		Debug|Any CPU = Debug|Any CPU
		Release|Any CPU = Release|Any CPU
	EndGlobalSection
	GlobalSection(ProjectConfigurationPlatforms) = postSolution
		{781C619D-C512-7136-5F7A-779DADCB5634}.Debug|Any CPU.ActiveCfg = Debug|Any CPU
		{781C619D-C512-7136-5F7A-779DADCB5634}.Debug|Any CPU.Build.0 = Debug|Any CPU
		{781C619D-C512-7136-5F7A-779DADCB5634}.Release|Any CPU.ActiveCfg = Release|Any CPU
		{781C619D-C512-7136-5F7A-779DADCB5634}.Release|Any CPU.Build.0 = Release|Any CPU
		{FFBCC835-2E01-0288-F006-127E1C60364B}.Debug|Any CPU.ActiveCfg = Debug|Any CPU
		{FFBCC835-2E01-0288-F006-127E1C60364B}.Debug|Any CPU.Build.0 = Debug|Any CPU
		{FFBCC835-2E01-0288-F006-127E1C60364B}.Release|Any CPU.ActiveCfg = Release|Any CPU
		{FFBCC835-2E01-0288-F006-127E1C60364B}.Release|Any CPU.Build.0 = Release|Any CPU
	EndGlobalSection
	GlobalSection(SolutionProperties) = preSolution
		HideSolutionNode = FALSE
	EndGlobalSection
EndGlobal
